
Microsoft Visual Studio Solution File, Format Version 12.00
# Visual Studio Version 17
VisualStudioVersion = 17.14.36511.14 d17.14
MinimumVisualStudioVersion = 10.0.40219.1
Project("{FAE04EC0-301F-11D3-BF4B-00C04F79EFBC}") = "thirteenth_lesson", "thirteenth_lesson\thirteenth_lesson.csproj", "{A0D7BFFB-0C95-443E-B951-0DFDC0285353}"
EndProject
Global
	GlobalSection(SolutionConfigurationPlatforms) = preSolution
		Debug|Any CPU = Debug|Any CPU
		Release|Any CPU = Release|Any CPU
	EndGlobalSection
	GlobalSection(ProjectConfigurationPlatforms) = postSolution
		{A0D7BFFB-0C95-443E-B951-0DFDC0285353}.Debug|Any CPU.ActiveCfg = Debug|Any CPU
		{A0D7BFFB-0C95-443E-B951-0DFDC0285353}.Debug|Any CPU.Build.0 = Debug|Any CPU
		{A0D7BFFB-0C95-443E-B951-0DFDC0285353}.Release|Any CPU.ActiveCfg = Release|Any CPU
		{A0D7BFFB-0C95-443E-B951-0DFDC0285353}.Release|Any CPU.Build.0 = Release|Any CPU
	EndGlobalSection
	GlobalSection(SolutionProperties) = preSolution
		HideSolutionNode = FALSE
	EndGlobalSection
	GlobalSection(ExtensibilityGlobals) = postSolution
		SolutionGuid = {E1550CD0-6BA8-4396-9F74-72727BA746E1}
	EndGlobalSection
EndGlobal
