
Microsoft Visual Studio Solution File, Format Version 12.00
# Visual Studio Version 17
VisualStudioVersion = 17.14.36511.14 d17.14
MinimumVisualStudioVersion = 10.0.40219.1
Project("{FAE04EC0-301F-11D3-BF4B-00C04F79EFBC}") = "eleventh_lesson", "eleventh_lesson\eleventh_lesson.csproj", "{FCDBA774-0766-4CF8-82A7-7B7DB90ADDF4}"
EndProject
Global
	GlobalSection(SolutionConfigurationPlatforms) = preSolution
		Debug|Any CPU = Debug|Any CPU
		Release|Any CPU = Release|Any CPU
	EndGlobalSection
	GlobalSection(ProjectConfigurationPlatforms) = postSolution
		{FCDBA774-0766-4CF8-82A7-7B7DB90ADDF4}.Debug|Any CPU.ActiveCfg = Debug|Any CPU
		{FCDBA774-0766-4CF8-82A7-7B7DB90ADDF4}.Debug|Any CPU.Build.0 = Debug|Any CPU
		{FCDBA774-0766-4CF8-82A7-7B7DB90ADDF4}.Release|Any CPU.ActiveCfg = Release|Any CPU
		{FCDBA774-0766-4CF8-82A7-7B7DB90ADDF4}.Release|Any CPU.Build.0 = Release|Any CPU
	EndGlobalSection
	GlobalSection(SolutionProperties) = preSolution
		HideSolutionNode = FALSE
	EndGlobalSection
	GlobalSection(ExtensibilityGlobals) = postSolution
		SolutionGuid = {EC9BC201-0F72-4E5C-924E-8F7E33946C79}
	EndGlobalSection
EndGlobal
