
Microsoft Visual Studio Solution File, Format Version 12.00
# Visual Studio Version 17
VisualStudioVersion = 17.14.36511.14 d17.14
MinimumVisualStudioVersion = 10.0.40219.1
Project("{FAE04EC0-301F-11D3-BF4B-00C04F79EFBC}") = "first_lesson", "first_lesson\first_lesson.csproj", "{841391EE-A66C-47BE-B635-165E17BBB969}"
EndProject
Global
	GlobalSection(SolutionConfigurationPlatforms) = preSolution
		Debug|Any CPU = Debug|Any CPU
		Release|Any CPU = Release|Any CPU
	EndGlobalSection
	GlobalSection(ProjectConfigurationPlatforms) = postSolution
		{841391EE-A66C-47BE-B635-165E17BBB969}.Debug|Any CPU.ActiveCfg = Debug|Any CPU
		{841391EE-A66C-47BE-B635-165E17BBB969}.Debug|Any CPU.Build.0 = Debug|Any CPU
		{841391EE-A66C-47BE-B635-165E17BBB969}.Release|Any CPU.ActiveCfg = Release|Any CPU
		{841391EE-A66C-47BE-B635-165E17BBB969}.Release|Any CPU.Build.0 = Release|Any CPU
	EndGlobalSection
	GlobalSection(SolutionProperties) = preSolution
		HideSolutionNode = FALSE
	EndGlobalSection
	GlobalSection(ExtensibilityGlobals) = postSolution
		SolutionGuid = {3735A69E-EF2C-44CE-9A74-413F0822AA33}
	EndGlobalSection
EndGlobal
