
Microsoft Visual Studio Solution File, Format Version 12.00
# Visual Studio Version 17
VisualStudioVersion = 17.14.36511.14 d17.14
MinimumVisualStudioVersion = 10.0.40219.1
Project("{FAE04EC0-301F-11D3-BF4B-00C04F79EFBC}") = "9_lesson", "9_lesson\9_lesson.csproj", "{F88BA4D9-1E22-4091-96EA-3A31BCB09EA1}"
EndProject
Global
	GlobalSection(SolutionConfigurationPlatforms) = preSolution
		Debug|Any CPU = Debug|Any CPU
		Release|Any CPU = Release|Any CPU
	EndGlobalSection
	GlobalSection(ProjectConfigurationPlatforms) = postSolution
		{F88BA4D9-1E22-4091-96EA-3A31BCB09EA1}.Debug|Any CPU.ActiveCfg = Debug|Any CPU
		{F88BA4D9-1E22-4091-96EA-3A31BCB09EA1}.Debug|Any CPU.Build.0 = Debug|Any CPU
		{F88BA4D9-1E22-4091-96EA-3A31BCB09EA1}.Release|Any CPU.ActiveCfg = Release|Any CPU
		{F88BA4D9-1E22-4091-96EA-3A31BCB09EA1}.Release|Any CPU.Build.0 = Release|Any CPU
	EndGlobalSection
	GlobalSection(SolutionProperties) = preSolution
		HideSolutionNode = FALSE
	EndGlobalSection
	GlobalSection(ExtensibilityGlobals) = postSolution
		SolutionGuid = {8456D636-CDF1-4C4E-909A-E2E790B3B32F}
	EndGlobalSection
EndGlobal
